// !$*UTF8*$!
{
	archiveVersion = 1;
	classes = {
	};
	objectVersion = 46;
	objects = {

/* Begin PBXBuildFile section */
		F23436D11B3906ED0065D11C /* main.m in Sources */ = {isa = PBXBuildFile; fileRef = F23436D01B3906ED0065D11C /* main.m */; };
		F23436D41B3906ED0065D11C /* AppDelegate.m in Sources */ = {isa = PBXBuildFile; fileRef = F23436D31B3906ED0065D11C /* AppDelegate.m */; };
		F23436D71B3906ED0065D11C /* PrettyIcons2.xcdatamodeld in Sources */ = {isa = PBXBuildFile; fileRef = F23436D51B3906ED0065D11C /* PrettyIcons2.xcdatamodeld */; };
		F23436DA1B3906ED0065D11C /* ViewController.m in Sources */ = {isa = PBXBuildFile; fileRef = F23436D91B3906ED0065D11C /* ViewController.m */; };
		F23436DD1B3906ED0065D11C /* Main.storyboard in Resources */ = {isa = PBXBuildFile; fileRef = F23436DB1B3906ED0065D11C /* Main.storyboard */; };
		F23436DF1B3906ED0065D11C /* Images.xcassets in Resources */ = {isa = PBXBuildFile; fileRef = F23436DE1B3906ED0065D11C /* Images.xcassets */; };
		F23436E21B3906ED0065D11C /* LaunchScreen.xib in Resources */ = {isa = PBXBuildFile; fileRef = F23436E01B3906ED0065D11C /* LaunchScreen.xib */; };
		F23436EE1B3906EE0065D11C /* PrettyIcons2Tests.m in Sources */ = {isa = PBXBuildFile; fileRef = F23436ED1B3906EE0065D11C /* PrettyIcons2Tests.m */; };
		F23437151B3906F60065D11C /* icons_winter_01.png in Resources */ = {isa = PBXBuildFile; fileRef = F23436F81B3906F60065D11C /* icons_winter_01.png */; };
		F23437161B3906F60065D11C /* icons_winter_02.png in Resources */ = {isa = PBXBuildFile; fileRef = F23436F91B3906F60065D11C /* icons_winter_02.png */; };
		F23437171B3906F60065D11C /* icons_winter_03.png in Resources */ = {isa = PBXBuildFile; fileRef = F23436FA1B3906F60065D11C /* icons_winter_03.png */; };
		F23437181B3906F60065D11C /* icons_winter_04.png in Resources */ = {isa = PBXBuildFile; fileRef = F23436FB1B3906F60065D11C /* icons_winter_04.png */; };
		F23437191B3906F60065D11C /* icons_winter_05.png in Resources */ = {isa = PBXBuildFile; fileRef = F23436FC1B3906F60065D11C /* icons_winter_05.png */; };
		F234371A1B3906F60065D11C /* icons_winter_06.png in Resources */ = {isa = PBXBuildFile; fileRef = F23436FD1B3906F60065D11C /* icons_winter_06.png */; };
		F234371B1B3906F60065D11C /* icons_winter_07.png in Resources */ = {isa = PBXBuildFile; fileRef = F23436FE1B3906F60065D11C /* icons_winter_07.png */; };
		F234371C1B3906F60065D11C /* icons_winter_08.png in Resources */ = {isa = PBXBuildFile; fileRef = F23436FF1B3906F60065D11C /* icons_winter_08.png */; };
		F234371D1B3906F60065D11C /* icons_winter_09.png in Resources */ = {isa = PBXBuildFile; fileRef = F23437001B3906F60065D11C /* icons_winter_09.png */; };
		F234371E1B3906F60065D11C /* icons_winter_10.png in Resources */ = {isa = PBXBuildFile; fileRef = F23437011B3906F60065D11C /* icons_winter_10.png */; };
		F234371F1B3906F60065D11C /* summericons_100px_01.png in Resources */ = {isa = PBXBuildFile; fileRef = F23437021B3906F60065D11C /* summericons_100px_01.png */; };
		F23437201B3906F60065D11C /* summericons_100px_02.png in Resources */ = {isa = PBXBuildFile; fileRef = F23437031B3906F60065D11C /* summericons_100px_02.png */; };
		F23437211B3906F60065D11C /* summericons_100px_03.png in Resources */ = {isa = PBXBuildFile; fileRef = F23437041B3906F60065D11C /* summericons_100px_03.png */; };
		F23437221B3906F60065D11C /* summericons_100px_04.png in Resources */ = {isa = PBXBuildFile; fileRef = F23437051B3906F60065D11C /* summericons_100px_04.png */; };
		F23437231B3906F60065D11C /* summericons_100px_05.png in Resources */ = {isa = PBXBuildFile; fileRef = F23437061B3906F60065D11C /* summericons_100px_05.png */; };
		F23437241B3906F60065D11C /* summericons_100px_06.png in Resources */ = {isa = PBXBuildFile; fileRef = F23437071B3906F60065D11C /* summericons_100px_06.png */; };
		F23437251B3906F60065D11C /* summericons_100px_07.png in Resources */ = {isa = PBXBuildFile; fileRef = F23437081B3906F60065D11C /* summericons_100px_07.png */; };
		F23437261B3906F60065D11C /* summericons_100px_08.png in Resources */ = {isa = PBXBuildFile; fileRef = F23437091B3906F60065D11C /* summericons_100px_08.png */; };
		F23437271B3906F60065D11C /* summericons_100px_09.png in Resources */ = {isa = PBXBuildFile; fileRef = F234370A1B3906F60065D11C /* summericons_100px_09.png */; };
		F23437281B3906F60065D11C /* summericons_100px_10.png in Resources */ = {isa = PBXBuildFile; fileRef = F234370B1B3906F60065D11C /* summericons_100px_10.png */; };
		F23437291B3906F60065D11C /* eyeball.png in Resources */ = {isa = PBXBuildFile; fileRef = F234370D1B3906F60065D11C /* eyeball.png */; };
		F234372A1B3906F60065D11C /* star_sel.png in Resources */ = {isa = PBXBuildFile; fileRef = F234370E1B3906F60065D11C /* star_sel.png */; };
		F234372B1B3906F60065D11C /* star_uns.png in Resources */ = {isa = PBXBuildFile; fileRef = F234370F1B3906F60065D11C /* star_uns.png */; };
		F234372C1B3906F60065D11C /* Icon.m in Sources */ = {isa = PBXBuildFile; fileRef = F23437121B3906F60065D11C /* Icon.m */; };
		F234372D1B3906F60065D11C /* IconSet.m in Sources */ = {isa = PBXBuildFile; fileRef = F23437141B3906F60065D11C /* IconSet.m */; };
		F23437301B3D19DA0065D11C /* IconCell.m in Sources */ = {isa = PBXBuildFile; fileRef = F234372F1B3D19DA0065D11C /* IconCell.m */; };
		F23437351B3E01500065D11C /* DetailViewController.m in Sources */ = {isa = PBXBuildFile; fileRef = F23437341B3E01500065D11C /* DetailViewController.m */; };
		F249D3031B54432500A3BAE7 /* RatingTableViewController.m in Sources */ = {isa = PBXBuildFile; fileRef = F249D3021B54432500A3BAE7 /* RatingTableViewController.m */; };
		F2892DF11B3E52380010D534 /* EditViewController.m in Sources */ = {isa = PBXBuildFile; fileRef = F2892DF01B3E52380010D534 /* EditViewController.m */; };
/* End PBXBuildFile section */

/* Begin PBXContainerItemProxy section */
		F23436E81B3906ED0065D11C /* PBXContainerItemProxy */ = {
			isa = PBXContainerItemProxy;
			containerPortal = F23436C31B3906ED0065D11C /* Project object */;
			proxyType = 1;
			remoteGlobalIDString = F23436CA1B3906ED0065D11C;
			remoteInfo = PrettyIcons2;
		};
/* End PBXContainerItemProxy section */

/* Begin PBXFileReference section */
		F23436CB1B3906ED0065D11C /* PrettyIcons2.app */ = {isa = PBXFileReference; explicitFileType = wrapper.application; includeInIndex = 0; path = PrettyIcons2.app; sourceTree = BUILT_PRODUCTS_DIR; };
		F23436CF1B3906ED0065D11C /* Info.plist */ = {isa = PBXFileReference; lastKnownFileType = text.plist.xml; path = Info.plist; sourceTree = "<group>"; };
		F23436D01B3906ED0065D11C /* main.m */ = {isa = PBXFileReference; lastKnownFileType = sourcecode.c.objc; path = main.m; sourceTree = "<group>"; };
		F23436D21B3906ED0065D11C /* AppDelegate.h */ = {isa = PBXFileReference; lastKnownFileType = sourcecode.c.h; path = AppDelegate.h; sourceTree = "<group>"; };
		F23436D31B3906ED0065D11C /* AppDelegate.m */ = {isa = PBXFileReference; lastKnownFileType = sourcecode.c.objc; path = AppDelegate.m; sourceTree = "<group>"; };
		F23436D61B3906ED0065D11C /* PrettyIcons2.xcdatamodel */ = {isa = PBXFileReference; lastKnownFileType = wrapper.xcdatamodel; path = PrettyIcons2.xcdatamodel; sourceTree = "<group>"; };
		F23436D81B3906ED0065D11C /* ViewController.h */ = {isa = PBXFileReference; lastKnownFileType = sourcecode.c.h; path = ViewController.h; sourceTree = "<group>"; };
		F23436D91B3906ED0065D11C /* ViewController.m */ = {isa = PBXFileReference; lastKnownFileType = sourcecode.c.objc; path = ViewController.m; sourceTree = "<group>"; };
		F23436DC1B3906ED0065D11C /* Base */ = {isa = PBXFileReference; lastKnownFileType = file.storyboard; name = Base; path = Base.lproj/Main.storyboard; sourceTree = "<group>"; };
		F23436DE1B3906ED0065D11C /* Images.xcassets */ = {isa = PBXFileReference; lastKnownFileType = folder.assetcatalog; path = Images.xcassets; sourceTree = "<group>"; };
		F23436E11B3906ED0065D11C /* Base */ = {isa = PBXFileReference; lastKnownFileType = file.xib; name = Base; path = Base.lproj/LaunchScreen.xib; sourceTree = "<group>"; };
		F23436E71B3906ED0065D11C /* PrettyIcons2Tests.xctest */ = {isa = PBXFileReference; explicitFileType = wrapper.cfbundle; includeInIndex = 0; path = PrettyIcons2Tests.xctest; sourceTree = BUILT_PRODUCTS_DIR; };
		F23436EC1B3906EE0065D11C /* Info.plist */ = {isa = PBXFileReference; lastKnownFileType = text.plist.xml; path = Info.plist; sourceTree = "<group>"; };
		F23436ED1B3906EE0065D11C /* PrettyIcons2Tests.m */ = {isa = PBXFileReference; lastKnownFileType = sourcecode.c.objc; path = PrettyIcons2Tests.m; sourceTree = "<group>"; };
		F23436F81B3906F60065D11C /* icons_winter_01.png */ = {isa = PBXFileReference; lastKnownFileType = image.png; path = icons_winter_01.png; sourceTree = "<group>"; };
		F23436F91B3906F60065D11C /* icons_winter_02.png */ = {isa = PBXFileReference; lastKnownFileType = image.png; path = icons_winter_02.png; sourceTree = "<group>"; };
		F23436FA1B3906F60065D11C /* icons_winter_03.png */ = {isa = PBXFileReference; lastKnownFileType = image.png; path = icons_winter_03.png; sourceTree = "<group>"; };
		F23436FB1B3906F60065D11C /* icons_winter_04.png */ = {isa = PBXFileReference; lastKnownFileType = image.png; path = icons_winter_04.png; sourceTree = "<group>"; };
		F23436FC1B3906F60065D11C /* icons_winter_05.png */ = {isa = PBXFileReference; lastKnownFileType = image.png; path = icons_winter_05.png; sourceTree = "<group>"; };
		F23436FD1B3906F60065D11C /* icons_winter_06.png */ = {isa = PBXFileReference; lastKnownFileType = image.png; path = icons_winter_06.png; sourceTree = "<group>"; };
		F23436FE1B3906F60065D11C /* icons_winter_07.png */ = {isa = PBXFileReference; lastKnownFileType = image.png; path = icons_winter_07.png; sourceTree = "<group>"; };
		F23436FF1B3906F60065D11C /* icons_winter_08.png */ = {isa = PBXFileReference; lastKnownFileType = image.png; path = icons_winter_08.png; sourceTree = "<group>"; };
		F23437001B3906F60065D11C /* icons_winter_09.png */ = {isa = PBXFileReference; lastKnownFileType = image.png; path = icons_winter_09.png; sourceTree = "<group>"; };
		F23437011B3906F60065D11C /* icons_winter_10.png */ = {isa = PBXFileReference; lastKnownFileType = image.png; path = icons_winter_10.png; sourceTree = "<group>"; };
		F23437021B3906F60065D11C /* summericons_100px_01.png */ = {isa = PBXFileReference; lastKnownFileType = image.png; path = summericons_100px_01.png; sourceTree = "<group>"; };
		F23437031B3906F60065D11C /* summericons_100px_02.png */ = {isa = PBXFileReference; lastKnownFileType = image.png; path = summericons_100px_02.png; sourceTree = "<group>"; };
		F23437041B3906F60065D11C /* summericons_100px_03.png */ = {isa = PBXFileReference; lastKnownFileType = image.png; path = summericons_100px_03.png; sourceTree = "<group>"; };
		F23437051B3906F60065D11C /* summericons_100px_04.png */ = {isa = PBXFileReference; lastKnownFileType = image.png; path = summericons_100px_04.png; sourceTree = "<group>"; };
		F23437061B3906F60065D11C /* summericons_100px_05.png */ = {isa = PBXFileReference; lastKnownFileType = image.png; path = summericons_100px_05.png; sourceTree = "<group>"; };
		F23437071B3906F60065D11C /* summericons_100px_06.png */ = {isa = PBXFileReference; lastKnownFileType = image.png; path = summericons_100px_06.png; sourceTree = "<group>"; };
		F23437081B3906F60065D11C /* summericons_100px_07.png */ = {isa = PBXFileReference; lastKnownFileType = image.png; path = summericons_100px_07.png; sourceTree = "<group>"; };
		F23437091B3906F60065D11C /* summericons_100px_08.png */ = {isa = PBXFileReference; lastKnownFileType = image.png; path = summericons_100px_08.png; sourceTree = "<group>"; };
		F234370A1B3906F60065D11C /* summericons_100px_09.png */ = {isa = PBXFileReference; lastKnownFileType = image.png; path = summericons_100px_09.png; sourceTree = "<group>"; };
		F234370B1B3906F60065D11C /* summericons_100px_10.png */ = {isa = PBXFileReference; lastKnownFileType = image.png; path = summericons_100px_10.png; sourceTree = "<group>"; };
		F234370D1B3906F60065D11C /* eyeball.png */ = {isa = PBXFileReference; lastKnownFileType = image.png; path = eyeball.png; sourceTree = "<group>"; };
		F234370E1B3906F60065D11C /* star_sel.png */ = {isa = PBXFileReference; lastKnownFileType = image.png; path = star_sel.png; sourceTree = "<group>"; };
		F234370F1B3906F60065D11C /* star_uns.png */ = {isa = PBXFileReference; lastKnownFileType = image.png; path = star_uns.png; sourceTree = "<group>"; };
		F23437111B3906F60065D11C /* Icon.h */ = {isa = PBXFileReference; fileEncoding = 4; lastKnownFileType = sourcecode.c.h; path = Icon.h; sourceTree = "<group>"; };
		F23437121B3906F60065D11C /* Icon.m */ = {isa = PBXFileReference; fileEncoding = 4; lastKnownFileType = sourcecode.c.objc; path = Icon.m; sourceTree = "<group>"; };
		F23437131B3906F60065D11C /* IconSet.h */ = {isa = PBXFileReference; fileEncoding = 4; lastKnownFileType = sourcecode.c.h; path = IconSet.h; sourceTree = "<group>"; };
		F23437141B3906F60065D11C /* IconSet.m */ = {isa = PBXFileReference; fileEncoding = 4; lastKnownFileType = sourcecode.c.objc; path = IconSet.m; sourceTree = "<group>"; };
		F234372E1B3D19DA0065D11C /* IconCell.h */ = {isa = PBXFileReference; fileEncoding = 4; lastKnownFileType = sourcecode.c.h; path = IconCell.h; sourceTree = "<group>"; };
		F234372F1B3D19DA0065D11C /* IconCell.m */ = {isa = PBXFileReference; fileEncoding = 4; lastKnownFileType = sourcecode.c.objc; path = IconCell.m; sourceTree = "<group>"; };
		F23437331B3E01500065D11C /* DetailViewController.h */ = {isa = PBXFileReference; fileEncoding = 4; lastKnownFileType = sourcecode.c.h; path = DetailViewController.h; sourceTree = "<group>"; };
		F23437341B3E01500065D11C /* DetailViewController.m */ = {isa = PBXFileReference; fileEncoding = 4; lastKnownFileType = sourcecode.c.objc; path = DetailViewController.m; sourceTree = "<group>"; };
		F249D3011B54432500A3BAE7 /* RatingTableViewController.h */ = {isa = PBXFileReference; fileEncoding = 4; lastKnownFileType = sourcecode.c.h; path = RatingTableViewController.h; sourceTree = "<group>"; };
		F249D3021B54432500A3BAE7 /* RatingTableViewController.m */ = {isa = PBXFileReference; fileEncoding = 4; lastKnownFileType = sourcecode.c.objc; path = RatingTableViewController.m; sourceTree = "<group>"; };
		F2892DEF1B3E52380010D534 /* EditViewController.h */ = {isa = PBXFileReference; fileEncoding = 4; lastKnownFileType = sourcecode.c.h; path = EditViewController.h; sourceTree = "<group>"; };
		F2892DF01B3E52380010D534 /* EditViewController.m */ = {isa = PBXFileReference; fileEncoding = 4; lastKnownFileType = sourcecode.c.objc; path = EditViewController.m; sourceTree = "<group>"; };
/* End PBXFileReference section */

/* Begin PBXFrameworksBuildPhase section */
		F23436C81B3906ED0065D11C /* Frameworks */ = {
			isa = PBXFrameworksBuildPhase;
			buildActionMask = 2147483647;
			files = (
			);
			runOnlyForDeploymentPostprocessing = 0;
		};
		F23436E41B3906ED0065D11C /* Frameworks */ = {
			isa = PBXFrameworksBuildPhase;
			buildActionMask = 2147483647;
			files = (
			);
			runOnlyForDeploymentPostprocessing = 0;
		};
/* End PBXFrameworksBuildPhase section */

/* Begin PBXGroup section */
		F23436C21B3906ED0065D11C = {
			isa = PBXGroup;
			children = (
				F23436CD1B3906ED0065D11C /* PrettyIcons2 */,
				F23436EA1B3906EE0065D11C /* PrettyIcons2Tests */,
				F23436CC1B3906ED0065D11C /* Products */,
			);
			sourceTree = "<group>";
		};
		F23436CC1B3906ED0065D11C /* Products */ = {
			isa = PBXGroup;
			children = (
				F23436CB1B3906ED0065D11C /* PrettyIcons2.app */,
				F23436E71B3906ED0065D11C /* PrettyIcons2Tests.xctest */,
			);
			name = Products;
			sourceTree = "<group>";
		};
		F23436CD1B3906ED0065D11C /* PrettyIcons2 */ = {
			isa = PBXGroup;
			children = (
				F23436F71B3906F60065D11C /* Icons */,
				F234370C1B3906F60065D11C /* Images */,
				F23437101B3906F60065D11C /* Model */,
				F23436D21B3906ED0065D11C /* AppDelegate.h */,
				F23436D31B3906ED0065D11C /* AppDelegate.m */,
				F23436D81B3906ED0065D11C /* ViewController.h */,
				F23436D91B3906ED0065D11C /* ViewController.m */,
				F2892DEF1B3E52380010D534 /* EditViewController.h */,
				F2892DF01B3E52380010D534 /* EditViewController.m */,
				F234372F1B3D19DA0065D11C /* IconCell.m */,
				F234372E1B3D19DA0065D11C /* IconCell.h */,
				F23436DB1B3906ED0065D11C /* Main.storyboard */,
				F249D3011B54432500A3BAE7 /* RatingTableViewController.h */,
				F249D3021B54432500A3BAE7 /* RatingTableViewController.m */,
				F23437331B3E01500065D11C /* DetailViewController.h */,
				F23437341B3E01500065D11C /* DetailViewController.m */,
				F23436DE1B3906ED0065D11C /* Images.xcassets */,
				F23436E01B3906ED0065D11C /* LaunchScreen.xib */,
				F23436D51B3906ED0065D11C /* PrettyIcons2.xcdatamodeld */,
				F23436CE1B3906ED0065D11C /* Supporting Files */,
			);
			path = PrettyIcons2;
			sourceTree = "<group>";
		};
		F23436CE1B3906ED0065D11C /* Supporting Files */ = {
			isa = PBXGroup;
			children = (
				F23436CF1B3906ED0065D11C /* Info.plist */,
				F23436D01B3906ED0065D11C /* main.m */,
			);
			name = "Supporting Files";
			sourceTree = "<group>";
		};
		F23436EA1B3906EE0065D11C /* PrettyIcons2Tests */ = {
			isa = PBXGroup;
			children = (
				F23436ED1B3906EE0065D11C /* PrettyIcons2Tests.m */,
				F23436EB1B3906EE0065D11C /* Supporting Files */,
			);
			path = PrettyIcons2Tests;
			sourceTree = "<group>";
		};
		F23436EB1B3906EE0065D11C /* Supporting Files */ = {
			isa = PBXGroup;
			children = (
				F23436EC1B3906EE0065D11C /* Info.plist */,
			);
			name = "Supporting Files";
			sourceTree = "<group>";
		};
		F23436F71B3906F60065D11C /* Icons */ = {
			isa = PBXGroup;
			children = (
				F23436F81B3906F60065D11C /* icons_winter_01.png */,
				F23436F91B3906F60065D11C /* icons_winter_02.png */,
				F23436FA1B3906F60065D11C /* icons_winter_03.png */,
				F23436FB1B3906F60065D11C /* icons_winter_04.png */,
				F23436FC1B3906F60065D11C /* icons_winter_05.png */,
				F23436FD1B3906F60065D11C /* icons_winter_06.png */,
				F23436FE1B3906F60065D11C /* icons_winter_07.png */,
				F23436FF1B3906F60065D11C /* icons_winter_08.png */,
				F23437001B3906F60065D11C /* icons_winter_09.png */,
				F23437011B3906F60065D11C /* icons_winter_10.png */,
				F23437021B3906F60065D11C /* summericons_100px_01.png */,
				F23437031B3906F60065D11C /* summericons_100px_02.png */,
				F23437041B3906F60065D11C /* summericons_100px_03.png */,
				F23437051B3906F60065D11C /* summericons_100px_04.png */,
				F23437061B3906F60065D11C /* summericons_100px_05.png */,
				F23437071B3906F60065D11C /* summericons_100px_06.png */,
				F23437081B3906F60065D11C /* summericons_100px_07.png */,
				F23437091B3906F60065D11C /* summericons_100px_08.png */,
				F234370A1B3906F60065D11C /* summericons_100px_09.png */,
				F234370B1B3906F60065D11C /* summericons_100px_10.png */,
			);
			path = Icons;
			sourceTree = "<group>";
		};
		F234370C1B3906F60065D11C /* Images */ = {
			isa = PBXGroup;
			children = (
				F234370D1B3906F60065D11C /* eyeball.png */,
				F234370E1B3906F60065D11C /* star_sel.png */,
				F234370F1B3906F60065D11C /* star_uns.png */,
			);
			path = Images;
			sourceTree = "<group>";
		};
		F23437101B3906F60065D11C /* Model */ = {
			isa = PBXGroup;
			children = (
				F23437111B3906F60065D11C /* Icon.h */,
				F23437121B3906F60065D11C /* Icon.m */,
				F23437131B3906F60065D11C /* IconSet.h */,
				F23437141B3906F60065D11C /* IconSet.m */,
			);
			path = Model;
			sourceTree = "<group>";
		};
/* End PBXGroup section */

/* Begin PBXNativeTarget section */
		F23436CA1B3906ED0065D11C /* PrettyIcons2 */ = {
			isa = PBXNativeTarget;
			buildConfigurationList = F23436F11B3906EE0065D11C /* Build configuration list for PBXNativeTarget "PrettyIcons2" */;
			buildPhases = (
				F23436C71B3906ED0065D11C /* Sources */,
				F23436C81B3906ED0065D11C /* Frameworks */,
				F23436C91B3906ED0065D11C /* Resources */,
			);
			buildRules = (
			);
			dependencies = (
			);
			name = PrettyIcons2;
			productName = PrettyIcons2;
			productReference = F23436CB1B3906ED0065D11C /* PrettyIcons2.app */;
			productType = "com.apple.product-type.application";
		};
		F23436E61B3906ED0065D11C /* PrettyIcons2Tests */ = {
			isa = PBXNativeTarget;
			buildConfigurationList = F23436F41B3906EE0065D11C /* Build configuration list for PBXNativeTarget "PrettyIcons2Tests" */;
			buildPhases = (
				F23436E31B3906ED0065D11C /* Sources */,
				F23436E41B3906ED0065D11C /* Frameworks */,
				F23436E51B3906ED0065D11C /* Resources */,
			);
			buildRules = (
			);
			dependencies = (
				F23436E91B3906ED0065D11C /* PBXTargetDependency */,
			);
			name = PrettyIcons2Tests;
			productName = PrettyIcons2Tests;
			productReference = F23436E71B3906ED0065D11C /* PrettyIcons2Tests.xctest */;
			productType = "com.apple.product-type.bundle.unit-test";
		};
/* End PBXNativeTarget section */

/* Begin PBXProject section */
		F23436C31B3906ED0065D11C /* Project object */ = {
			isa = PBXProject;
			attributes = {
				LastUpgradeCheck = 0630;
				ORGANIZATIONNAME = Wahoo;
				TargetAttributes = {
					F23436CA1B3906ED0065D11C = {
						CreatedOnToolsVersion = 6.3.2;
					};
					F23436E61B3906ED0065D11C = {
						CreatedOnToolsVersion = 6.3.2;
						TestTargetID = F23436CA1B3906ED0065D11C;
					};
				};
			};
			buildConfigurationList = F23436C61B3906ED0065D11C /* Build configuration list for PBXProject "PrettyIcons2" */;
			compatibilityVersion = "Xcode 3.2";
			developmentRegion = English;
			hasScannedForEncodings = 0;
			knownRegions = (
				en,
				Base,
			);
			mainGroup = F23436C21B3906ED0065D11C;
			productRefGroup = F23436CC1B3906ED0065D11C /* Products */;
			projectDirPath = "";
			projectRoot = "";
			targets = (
				F23436CA1B3906ED0065D11C /* PrettyIcons2 */,
				F23436E61B3906ED0065D11C /* PrettyIcons2Tests */,
			);
		};
/* End PBXProject section */

/* Begin PBXResourcesBuildPhase section */
		F23436C91B3906ED0065D11C /* Resources */ = {
			isa = PBXResourcesBuildPhase;
			buildActionMask = 2147483647;
			files = (
				F23437241B3906F60065D11C /* summericons_100px_06.png in Resources */,
				F23437181B3906F60065D11C /* icons_winter_04.png in Resources */,
				F234371C1B3906F60065D11C /* icons_winter_08.png in Resources */,
				F23437231B3906F60065D11C /* summericons_100px_05.png in Resources */,
				F23437171B3906F60065D11C /* icons_winter_03.png in Resources */,
				F23437261B3906F60065D11C /* summericons_100px_08.png in Resources */,
				F23436DD1B3906ED0065D11C /* Main.storyboard in Resources */,
				F23437221B3906F60065D11C /* summericons_100px_04.png in Resources */,
				F23436E21B3906ED0065D11C /* LaunchScreen.xib in Resources */,
				F234371B1B3906F60065D11C /* icons_winter_07.png in Resources */,
				F234372B1B3906F60065D11C /* star_uns.png in Resources */,
				F234371D1B3906F60065D11C /* icons_winter_09.png in Resources */,
				F23437151B3906F60065D11C /* icons_winter_01.png in Resources */,
				F23437291B3906F60065D11C /* eyeball.png in Resources */,
				F23437281B3906F60065D11C /* summericons_100px_10.png in Resources */,
				F23436DF1B3906ED0065D11C /* Images.xcassets in Resources */,
				F234371E1B3906F60065D11C /* icons_winter_10.png in Resources */,
				F23437271B3906F60065D11C /* summericons_100px_09.png in Resources */,
				F23437211B3906F60065D11C /* summericons_100px_03.png in Resources */,
				F234372A1B3906F60065D11C /* star_sel.png in Resources */,
				F23437251B3906F60065D11C /* summericons_100px_07.png in Resources */,
				F234371A1B3906F60065D11C /* icons_winter_06.png in Resources */,
				F23437191B3906F60065D11C /* icons_winter_05.png in Resources */,
				F234371F1B3906F60065D11C /* summericons_100px_01.png in Resources */,
				F23437161B3906F60065D11C /* icons_winter_02.png in Resources */,
				F23437201B3906F60065D11C /* summericons_100px_02.png in Resources */,
			);
			runOnlyForDeploymentPostprocessing = 0;
		};
		F23436E51B3906ED0065D11C /* Resources */ = {
			isa = PBXResourcesBuildPhase;
			buildActionMask = 2147483647;
			files = (
			);
			runOnlyForDeploymentPostprocessing = 0;
		};
/* End PBXResourcesBuildPhase section */

/* Begin PBXSourcesBuildPhase section */
		F23436C71B3906ED0065D11C /* Sources */ = {
			isa = PBXSourcesBuildPhase;
			buildActionMask = 2147483647;
			files = (
				F234372C1B3906F60065D11C /* Icon.m in Sources */,
				F2892DF11B3E52380010D534 /* EditViewController.m in Sources */,
				F23436D71B3906ED0065D11C /* PrettyIcons2.xcdatamodeld in Sources */,
				F23436D41B3906ED0065D11C /* AppDelegate.m in Sources */,
				F23437351B3E01500065D11C /* DetailViewController.m in Sources */,
				F234372D1B3906F60065D11C /* IconSet.m in Sources */,
				F249D3031B54432500A3BAE7 /* RatingTableViewController.m in Sources */,
				F23437301B3D19DA0065D11C /* IconCell.m in Sources */,
				F23436DA1B3906ED0065D11C /* ViewController.m in Sources */,
				F23436D11B3906ED0065D11C /* main.m in Sources */,
			);
			runOnlyForDeploymentPostprocessing = 0;
		};
		F23436E31B3906ED0065D11C /* Sources */ = {
			isa = PBXSourcesBuildPhase;
			buildActionMask = 2147483647;
			files = (
				F23436EE1B3906EE0065D11C /* PrettyIcons2Tests.m in Sources */,
			);
			runOnlyForDeploymentPostprocessing = 0;
		};
/* End PBXSourcesBuildPhase section */

/* Begin PBXTargetDependency section */
		F23436E91B3906ED0065D11C /* PBXTargetDependency */ = {
			isa = PBXTargetDependency;
			target = F23436CA1B3906ED0065D11C /* PrettyIcons2 */;
			targetProxy = F23436E81B3906ED0065D11C /* PBXContainerItemProxy */;
		};
/* End PBXTargetDependency section */

/* Begin PBXVariantGroup section */
		F23436DB1B3906ED0065D11C /* Main.storyboard */ = {
			isa = PBXVariantGroup;
			children = (
				F23436DC1B3906ED0065D11C /* Base */,
			);
			name = Main.storyboard;
			sourceTree = "<group>";
		};
		F23436E01B3906ED0065D11C /* LaunchScreen.xib */ = {
			isa = PBXVariantGroup;
			children = (
				F23436E11B3906ED0065D11C /* Base */,
			);
			name = LaunchScreen.xib;
			sourceTree = "<group>";
		};
/* End PBXVariantGroup section */

/* Begin XCBuildConfiguration section */
		F23436EF1B3906EE0065D11C /* Debug */ = {
			isa = XCBuildConfiguration;
			buildSettings = {
				ALWAYS_SEARCH_USER_PATHS = NO;
				CLANG_CXX_LANGUAGE_STANDARD = "gnu++0x";
				CLANG_CXX_LIBRARY = "libc++";
				CLANG_ENABLE_MODULES = YES;
				CLANG_ENABLE_OBJC_ARC = YES;
				CLANG_WARN_BOOL_CONVERSION = YES;
				CLANG_WARN_CONSTANT_CONVERSION = YES;
				CLANG_WARN_DIRECT_OBJC_ISA_USAGE = YES_ERROR;
				CLANG_WARN_EMPTY_BODY = YES;
				CLANG_WARN_ENUM_CONVERSION = YES;
				CLANG_WARN_INT_CONVERSION = YES;
				CLANG_WARN_OBJC_ROOT_CLASS = YES_ERROR;
				CLANG_WARN_UNREACHABLE_CODE = YES;
				CLANG_WARN__DUPLICATE_METHOD_MATCH = YES;
				"CODE_SIGN_IDENTITY[sdk=iphoneos*]" = "iPhone Developer";
				COPY_PHASE_STRIP = NO;
				DEBUG_INFORMATION_FORMAT = "dwarf-with-dsym";
				ENABLE_STRICT_OBJC_MSGSEND = YES;
				GCC_C_LANGUAGE_STANDARD = gnu99;
				GCC_DYNAMIC_NO_PIC = NO;
				GCC_NO_COMMON_BLOCKS = YES;
				GCC_OPTIMIZATION_LEVEL = 0;
				GCC_PREPROCESSOR_DEFINITIONS = (
					"DEBUG=1",
					"$(inherited)",
				);
				GCC_SYMBOLS_PRIVATE_EXTERN = NO;
				GCC_WARN_64_TO_32_BIT_CONVERSION = YES;
				GCC_WARN_ABOUT_RETURN_TYPE = YES_ERROR;
				GCC_WARN_UNDECLARED_SELECTOR = YES;
				GCC_WARN_UNINITIALIZED_AUTOS = YES_AGGRESSIVE;
				GCC_WARN_UNUSED_FUNCTION = YES;
				GCC_WARN_UNUSED_VARIABLE = YES;
				IPHONEOS_DEPLOYMENT_TARGET = 8.3;
				MTL_ENABLE_DEBUG_INFO = YES;
				ONLY_ACTIVE_ARCH = YES;
				SDKROOT = iphoneos;
			};
			name = Debug;
		};
		F23436F01B3906EE0065D11C /* Release */ = {
			isa = XCBuildConfiguration;
			buildSettings = {
				ALWAYS_SEARCH_USER_PATHS = NO;
				CLANG_CXX_LANGUAGE_STANDARD = "gnu++0x";
				CLANG_CXX_LIBRARY = "libc++";
				CLANG_ENABLE_MODULES = YES;
				CLANG_ENABLE_OBJC_ARC = YES;
				CLANG_WARN_BOOL_CONVERSION = YES;
				CLANG_WARN_CONSTANT_CONVERSION = YES;
				CLANG_WARN_DIRECT_OBJC_ISA_USAGE = YES_ERROR;
				CLANG_WARN_EMPTY_BODY = YES;
				CLANG_WARN_ENUM_CONVERSION = YES;
				CLANG_WARN_INT_CONVERSION = YES;
				CLANG_WARN_OBJC_ROOT_CLASS = YES_ERROR;
				CLANG_WARN_UNREACHABLE_CODE = YES;
				CLANG_WARN__DUPLICATE_METHOD_MATCH = YES;
				"CODE_SIGN_IDENTITY[sdk=iphoneos*]" = "iPhone Developer";
				COPY_PHASE_STRIP = NO;
				DEBUG_INFORMATION_FORMAT = "dwarf-with-dsym";
				ENABLE_NS_ASSERTIONS = NO;
				ENABLE_STRICT_OBJC_MSGSEND = YES;
				GCC_C_LANGUAGE_STANDARD = gnu99;
				GCC_NO_COMMON_BLOCKS = YES;
				GCC_WARN_64_TO_32_BIT_CONVERSION = YES;
				GCC_WARN_ABOUT_RETURN_TYPE = YES_ERROR;
				GCC_WARN_UNDECLARED_SELECTOR = YES;
				GCC_WARN_UNINITIALIZED_AUTOS = YES_AGGRESSIVE;
				GCC_WARN_UNUSED_FUNCTION = YES;
				GCC_WARN_UNUSED_VARIABLE = YES;
				IPHONEOS_DEPLOYMENT_TARGET = 8.3;
				MTL_ENABLE_DEBUG_INFO = NO;
				SDKROOT = iphoneos;
				VALIDATE_PRODUCT = YES;
			};
			name = Release;
		};
		F23436F21B3906EE0065D11C /* Debug */ = {
			isa = XCBuildConfiguration;
			buildSettings = {
				ASSETCATALOG_COMPILER_APPICON_NAME = AppIcon;
				INFOPLIST_FILE = PrettyIcons2/Info.plist;
				LD_RUNPATH_SEARCH_PATHS = "$(inherited) @executable_path/Frameworks";
				PRODUCT_NAME = "$(TARGET_NAME)";
			};
			name = Debug;
		};
		F23436F31B3906EE0065D11C /* Release */ = {
			isa = XCBuildConfiguration;
			buildSettings = {
				ASSETCATALOG_COMPILER_APPICON_NAME = AppIcon;
				INFOPLIST_FILE = PrettyIcons2/Info.plist;
				LD_RUNPATH_SEARCH_PATHS = "$(inherited) @executable_path/Frameworks";
				PRODUCT_NAME = "$(TARGET_NAME)";
			};
			name = Release;
		};
		F23436F51B3906EE0065D11C /* Debug */ = {
			isa = XCBuildConfiguration;
			buildSettings = {
				BUNDLE_LOADER = "$(TEST_HOST)";
				FRAMEWORK_SEARCH_PATHS = (
					"$(SDKROOT)/Developer/Library/Frameworks",
					"$(inherited)",
				);
				GCC_PREPROCESSOR_DEFINITIONS = (
					"DEBUG=1",
					"$(inherited)",
				);
				INFOPLIST_FILE = PrettyIcons2Tests/Info.plist;
				LD_RUNPATH_SEARCH_PATHS = "$(inherited) @executable_path/Frameworks @loader_path/Frameworks";
				PRODUCT_NAME = "$(TARGET_NAME)";
				TEST_HOST = "$(BUILT_PRODUCTS_DIR)/PrettyIcons2.app/PrettyIcons2";
			};
			name = Debug;
		};
		F23436F61B3906EE0065D11C /* Release */ = {
			isa = XCBuildConfiguration;
			buildSettings = {
				BUNDLE_LOADER = "$(TEST_HOST)";
				FRAMEWORK_SEARCH_PATHS = (
					"$(SDKROOT)/Developer/Library/Frameworks",
					"$(inherited)",
				);
				INFOPLIST_FILE = PrettyIcons2Tests/Info.plist;
				LD_RUNPATH_SEARCH_PATHS = "$(inherited) @executable_path/Frameworks @loader_path/Frameworks";
				PRODUCT_NAME = "$(TARGET_NAME)";
				TEST_HOST = "$(BUILT_PRODUCTS_DIR)/PrettyIcons2.app/PrettyIcons2";
			};
			name = Release;
		};
/* End XCBuildConfiguration section */

/* Begin XCConfigurationList section */
		F23436C61B3906ED0065D11C /* Build configuration list for PBXProject "PrettyIcons2" */ = {
			isa = XCConfigurationList;
			buildConfigurations = (
				F23436EF1B3906EE0065D11C /* Debug */,
				F23436F01B3906EE0065D11C /* Release */,
			);
			defaultConfigurationIsVisible = 0;
			defaultConfigurationName = Release;
		};
		F23436F11B3906EE0065D11C /* Build configuration list for PBXNativeTarget "PrettyIcons2" */ = {
			isa = XCConfigurationList;
			buildConfigurations = (
				F23436F21B3906EE0065D11C /* Debug */,
				F23436F31B3906EE0065D11C /* Release */,
			);
			defaultConfigurationIsVisible = 0;
			defaultConfigurationName = Release;
		};
		F23436F41B3906EE0065D11C /* Build configuration list for PBXNativeTarget "PrettyIcons2Tests" */ = {
			isa = XCConfigurationList;
			buildConfigurations = (
				F23436F51B3906EE0065D11C /* Debug */,
				F23436F61B3906EE0065D11C /* Release */,
			);
			defaultConfigurationIsVisible = 0;
			defaultConfigurationName = Release;
		};
/* End XCConfigurationList section */

/* Begin XCVersionGroup section */
		F23436D51B3906ED0065D11C /* PrettyIcons2.xcdatamodeld */ = {
			isa = XCVersionGroup;
			children = (
				F23436D61B3906ED0065D11C /* PrettyIcons2.xcdatamodel */,
			);
			currentVersion = F23436D61B3906ED0065D11C /* PrettyIcons2.xcdatamodel */;
			path = PrettyIcons2.xcdatamodeld;
			sourceTree = "<group>";
			versionGroupType = wrapper.xcdatamodel;
		};
/* End XCVersionGroup section */
	};
	rootObject = F23436C31B3906ED0065D11C /* Project object */;
}
